
Microsoft Visual Studio Solution File, Format Version 12.00
# Visual Studio Version 17
VisualStudioVersion = 17.0.31912.275
MinimumVisualStudioVersion = 10.0.40219.1
Project("{9A19103F-16F7-4668-BE54-9A1E7A4F7556}") = "CrossPost", "CrossPost\CrossPost.csproj", "{0F7AC0CF-47C9-4490-AB0D-F82071E3838B}"
EndProject
Global
	GlobalSection(SolutionConfigurationPlatforms) = preSolution
		Debug|Any CPU = Debug|Any CPU
		Release|Any CPU = Release|Any CPU
	EndGlobalSection
	GlobalSection(ProjectConfigurationPlatforms) = postSolution
		{0F7AC0CF-47C9-4490-AB0D-F82071E3838B}.Debug|Any CPU.ActiveCfg = Debug|Any CPU
		{0F7AC0CF-47C9-4490-AB0D-F82071E3838B}.Debug|Any CPU.Build.0 = Debug|Any CPU
		{0F7AC0CF-47C9-4490-AB0D-F82071E3838B}.Release|Any CPU.ActiveCfg = Release|Any CPU
		{0F7AC0CF-47C9-4490-AB0D-F82071E3838B}.Release|Any CPU.Build.0 = Release|Any CPU
	EndGlobalSection
	GlobalSection(SolutionProperties) = preSolution
		HideSolutionNode = FALSE
	EndGlobalSection
	GlobalSection(ExtensibilityGlobals) = postSolution
		SolutionGuid = {B63D48F1-3EB8-4249-ABC4-8D1D61E16CF3}
	EndGlobalSection
EndGlobal
