
Microsoft Visual Studio Solution File, Format Version 12.00
# Visual Studio Version 17
VisualStudioVersion = 17.0.31912.275
MinimumVisualStudioVersion = 10.0.40219.1
Project("{9A19103F-16F7-4668-BE54-9A1E7A4F7556}") = "CrossPost", "CrossPost\CrossPost.csproj", "{0F7AC0CF-47C9-4490-AB0D-F82071E3838B}"
EndProject
Project("{9A19103F-16F7-4668-BE54-9A1E7A4F7556}") = "Receiver", "IReceiver\Receiver.csproj", "{6708BE33-211C-4571-94EB-151845795239}"
EndProject
Project("{9A19103F-16F7-4668-BE54-9A1E7A4F7556}") = "Sender", "Sender\Sender.csproj", "{F623627A-42F7-45E3-9269-2EEB56CB736E}"
EndProject
Project("{9A19103F-16F7-4668-BE54-9A1E7A4F7556}") = "Message", "Message\Message.csproj", "{C53BA5C9-F5F5-4C30-AC6A-284A5AFEF592}"
EndProject
Project("{9A19103F-16F7-4668-BE54-9A1E7A4F7556}") = "TgBotReceiver", "TgBotReceiver\TgBotReceiver.csproj", "{A38A6BC3-C85C-4977-B660-6C6C5EB523B0}"
EndProject
Project("{2150E333-8FDC-42A3-9474-1A3956D46DE8}") = "Receivers", "Receivers", "{0F4D92FB-35B6-4AB3-BA03-5B75F6239028}"
EndProject
Project("{2150E333-8FDC-42A3-9474-1A3956D46DE8}") = "Senders", "Senders", "{F81C8EA0-A7FF-456D-8D18-87A9EB20B467}"
EndProject
Project("{9A19103F-16F7-4668-BE54-9A1E7A4F7556}") = "ConsoleSender", "ConsoleSender\ConsoleSender.csproj", "{2C8515A9-EA85-41BE-BA7B-FF4458A6F09D}"
EndProject
Project("{FAE04EC0-301F-11D3-BF4B-00C04F79EFBC}") = "VkGroupOrPage", "VkGroupOrPage\VkGroupOrPage.csproj", "{8C007ABE-80E7-4468-9034-F707BBD1144D}"
	ProjectSection(ProjectDependencies) = postProject
		{F623627A-42F7-45E3-9269-2EEB56CB736E} = {F623627A-42F7-45E3-9269-2EEB56CB736E}
		{C53BA5C9-F5F5-4C30-AC6A-284A5AFEF592} = {C53BA5C9-F5F5-4C30-AC6A-284A5AFEF592}
	EndProjectSection
EndProject
Global
	GlobalSection(SolutionConfigurationPlatforms) = preSolution
		Debug|Any CPU = Debug|Any CPU
		Release|Any CPU = Release|Any CPU
	EndGlobalSection
	GlobalSection(ProjectConfigurationPlatforms) = postSolution
		{0F7AC0CF-47C9-4490-AB0D-F82071E3838B}.Debug|Any CPU.ActiveCfg = Debug|Any CPU
		{0F7AC0CF-47C9-4490-AB0D-F82071E3838B}.Debug|Any CPU.Build.0 = Debug|Any CPU
		{0F7AC0CF-47C9-4490-AB0D-F82071E3838B}.Release|Any CPU.ActiveCfg = Release|Any CPU
		{0F7AC0CF-47C9-4490-AB0D-F82071E3838B}.Release|Any CPU.Build.0 = Release|Any CPU
		{6708BE33-211C-4571-94EB-151845795239}.Debug|Any CPU.ActiveCfg = Debug|Any CPU
		{6708BE33-211C-4571-94EB-151845795239}.Debug|Any CPU.Build.0 = Debug|Any CPU
		{6708BE33-211C-4571-94EB-151845795239}.Release|Any CPU.ActiveCfg = Release|Any CPU
		{6708BE33-211C-4571-94EB-151845795239}.Release|Any CPU.Build.0 = Release|Any CPU
		{F623627A-42F7-45E3-9269-2EEB56CB736E}.Debug|Any CPU.ActiveCfg = Debug|Any CPU
		{F623627A-42F7-45E3-9269-2EEB56CB736E}.Debug|Any CPU.Build.0 = Debug|Any CPU
		{F623627A-42F7-45E3-9269-2EEB56CB736E}.Release|Any CPU.ActiveCfg = Release|Any CPU
		{F623627A-42F7-45E3-9269-2EEB56CB736E}.Release|Any CPU.Build.0 = Release|Any CPU
		{C53BA5C9-F5F5-4C30-AC6A-284A5AFEF592}.Debug|Any CPU.ActiveCfg = Debug|Any CPU
		{C53BA5C9-F5F5-4C30-AC6A-284A5AFEF592}.Debug|Any CPU.Build.0 = Debug|Any CPU
		{C53BA5C9-F5F5-4C30-AC6A-284A5AFEF592}.Release|Any CPU.ActiveCfg = Release|Any CPU
		{C53BA5C9-F5F5-4C30-AC6A-284A5AFEF592}.Release|Any CPU.Build.0 = Release|Any CPU
		{A38A6BC3-C85C-4977-B660-6C6C5EB523B0}.Debug|Any CPU.ActiveCfg = Debug|Any CPU
		{A38A6BC3-C85C-4977-B660-6C6C5EB523B0}.Debug|Any CPU.Build.0 = Debug|Any CPU
		{A38A6BC3-C85C-4977-B660-6C6C5EB523B0}.Release|Any CPU.ActiveCfg = Release|Any CPU
		{A38A6BC3-C85C-4977-B660-6C6C5EB523B0}.Release|Any CPU.Build.0 = Release|Any CPU
		{2C8515A9-EA85-41BE-BA7B-FF4458A6F09D}.Debug|Any CPU.ActiveCfg = Debug|Any CPU
		{2C8515A9-EA85-41BE-BA7B-FF4458A6F09D}.Debug|Any CPU.Build.0 = Debug|Any CPU
		{2C8515A9-EA85-41BE-BA7B-FF4458A6F09D}.Release|Any CPU.ActiveCfg = Release|Any CPU
		{2C8515A9-EA85-41BE-BA7B-FF4458A6F09D}.Release|Any CPU.Build.0 = Release|Any CPU
		{8C007ABE-80E7-4468-9034-F707BBD1144D}.Debug|Any CPU.ActiveCfg = Debug|Any CPU
		{8C007ABE-80E7-4468-9034-F707BBD1144D}.Debug|Any CPU.Build.0 = Debug|Any CPU
		{8C007ABE-80E7-4468-9034-F707BBD1144D}.Release|Any CPU.ActiveCfg = Release|Any CPU
		{8C007ABE-80E7-4468-9034-F707BBD1144D}.Release|Any CPU.Build.0 = Release|Any CPU
	EndGlobalSection
	GlobalSection(SolutionProperties) = preSolution
		HideSolutionNode = FALSE
	EndGlobalSection
	GlobalSection(NestedProjects) = preSolution
		{A38A6BC3-C85C-4977-B660-6C6C5EB523B0} = {0F4D92FB-35B6-4AB3-BA03-5B75F6239028}
		{2C8515A9-EA85-41BE-BA7B-FF4458A6F09D} = {F81C8EA0-A7FF-456D-8D18-87A9EB20B467}
		{8C007ABE-80E7-4468-9034-F707BBD1144D} = {F81C8EA0-A7FF-456D-8D18-87A9EB20B467}
	EndGlobalSection
	GlobalSection(ExtensibilityGlobals) = postSolution
		SolutionGuid = {B63D48F1-3EB8-4249-ABC4-8D1D61E16CF3}
	EndGlobalSection
EndGlobal
